Microsoft Visual Studio Solution File, Format Version 12.00
# Visual Studio Version 17
VisualStudioVersion = 17.5.2.0
MinimumVisualStudioVersion = 10.0.40219.1
Project("{FAE04EC0-301F-11D3-BF4B-00C04F79EFBC}") = "PTI Algoritmos 2", "PTI Algoritmos 2.csproj", "{4DC4E6ED-795C-0633-DA97-F76AB7E9AA66}"
EndProject
Global
	GlobalSection(SolutionConfigurationPlatforms) = preSolution
		Debug|Any CPU = Debug|Any CPU
		Release|Any CPU = Release|Any CPU
	EndGlobalSection
	GlobalSection(ProjectConfigurationPlatforms) = postSolution
		{4DC4E6ED-795C-0633-DA97-F76AB7E9AA66}.Debug|Any CPU.ActiveCfg = Debug|Any CPU
		{4DC4E6ED-795C-0633-DA97-F76AB7E9AA66}.Debug|Any CPU.Build.0 = Debug|Any CPU
		{4DC4E6ED-795C-0633-DA97-F76AB7E9AA66}.Release|Any CPU.ActiveCfg = Release|Any CPU
		{4DC4E6ED-795C-0633-DA97-F76AB7E9AA66}.Release|Any CPU.Build.0 = Release|Any CPU
	EndGlobalSection
	GlobalSection(SolutionProperties) = preSolution
		HideSolutionNode = FALSE
	EndGlobalSection
	GlobalSection(ExtensibilityGlobals) = postSolution
		SolutionGuid = {587541BA-1A40-42B2-A8CF-B3F977D55672}
	EndGlobalSection
EndGlobal
